
Microsoft Visual Studio Solution File, Format Version 12.00
# Visual Studio Version 16
VisualStudioVersion = 25.0.1706.6
MinimumVisualStudioVersion = 10.0.40219.1
Project("{FAE04EC0-301F-11D3-BF4B-00C04F79EFBC}") = "AuthPractice.Api", "AuthPractice.Api\AuthPractice.Api.csproj", "{CB5B8C92-0920-4B0D-B340-F970DAAFC875}"
EndProject
Project("{FAE04EC0-301F-11D3-BF4B-00C04F79EFBC}") = "AuthPractice.Data", "AuthPractice.Data\AuthPractice.Data.csproj", "{F4CCF080-50EE-4424-A45B-40726AE8EF92}"
EndProject
Global
	GlobalSection(SolutionConfigurationPlatforms) = preSolution
		Debug|Any CPU = Debug|Any CPU
		Release|Any CPU = Release|Any CPU
	EndGlobalSection
	GlobalSection(ProjectConfigurationPlatforms) = postSolution
		{CB5B8C92-0920-4B0D-B340-F970DAAFC875}.Debug|Any CPU.ActiveCfg = Debug|Any CPU
		{CB5B8C92-0920-4B0D-B340-F970DAAFC875}.Debug|Any CPU.Build.0 = Debug|Any CPU
		{CB5B8C92-0920-4B0D-B340-F970DAAFC875}.Release|Any CPU.ActiveCfg = Release|Any CPU
		{CB5B8C92-0920-4B0D-B340-F970DAAFC875}.Release|Any CPU.Build.0 = Release|Any CPU
		{F4CCF080-50EE-4424-A45B-40726AE8EF92}.Debug|Any CPU.ActiveCfg = Debug|Any CPU
		{F4CCF080-50EE-4424-A45B-40726AE8EF92}.Debug|Any CPU.Build.0 = Debug|Any CPU
		{F4CCF080-50EE-4424-A45B-40726AE8EF92}.Release|Any CPU.ActiveCfg = Release|Any CPU
		{F4CCF080-50EE-4424-A45B-40726AE8EF92}.Release|Any CPU.Build.0 = Release|Any CPU
	EndGlobalSection
	GlobalSection(SolutionProperties) = preSolution
		HideSolutionNode = FALSE
	EndGlobalSection
	GlobalSection(ExtensibilityGlobals) = postSolution
		SolutionGuid = {E4AF94B7-7F1D-45B2-8BE7-ED37D1991C03}
	EndGlobalSection
EndGlobal
